// !$*UTF8*$!
{
	archiveVersion = 1;
	classes = {
	};
	objectVersion = 48;
	objects = {

/* Begin PBXBuildFile section */
		4C67CC33200468E600D0DE81 /* CJTool.m in Sources */ = {isa = PBXBuildFile; fileRef = 4C67CC32200468E600D0DE81 /* CJTool.m */; };
		4C67CC3920046E9300D0DE81 /* UIColor+FlatUI.m in Sources */ = {isa = PBXBuildFile; fileRef = 4C67CC3620046E9300D0DE81 /* UIColor+FlatUI.m */; };
		4C67CC3A20046E9300D0DE81 /* UIView+DEFrameAdditions.m in Sources */ = {isa = PBXBuildFile; fileRef = 4C67CC3820046E9300D0DE81 /* UIView+DEFrameAdditions.m */; };
		4C6B093A2004620C00ADDFA4 /* AppDelegate.m in Sources */ = {isa = PBXBuildFile; fileRef = 4C6B09392004620C00ADDFA4 /* AppDelegate.m */; };
		4C6B093D2004620C00ADDFA4 /* ViewController.m in Sources */ = {isa = PBXBuildFile; fileRef = 4C6B093C2004620C00ADDFA4 /* ViewController.m */; };
		4C6B09402004620C00ADDFA4 /* Main.storyboard in Resources */ = {isa = PBXBuildFile; fileRef = 4C6B093E2004620C00ADDFA4 /* Main.storyboard */; };
		4C6B09422004620C00ADDFA4 /* Assets.xcassets in Resources */ = {isa = PBXBuildFile; fileRef = 4C6B09412004620C00ADDFA4 /* Assets.xcassets */; };
		4C6B09452004620C00ADDFA4 /* LaunchScreen.storyboard in Resources */ = {isa = PBXBuildFile; fileRef = 4C6B09432004620C00ADDFA4 /* LaunchScreen.storyboard */; };
		4C6B09482004620C00ADDFA4 /* main.m in Sources */ = {isa = PBXBuildFile; fileRef = 4C6B09472004620C00ADDFA4 /* main.m */; };
		4C6B0951200462FE00ADDFA4 /* CJBaseFilterView.m in Sources */ = {isa = PBXBuildFile; fileRef = 4C6B0950200462FE00ADDFA4 /* CJBaseFilterView.m */; };
		4C6B09542004638F00ADDFA4 /* CJWebComposeView.m in Sources */ = {isa = PBXBuildFile; fileRef = 4C6B09532004638F00ADDFA4 /* CJWebComposeView.m */; };
		4C6B09572004643100ADDFA4 /* CJFilterControl.m in Sources */ = {isa = PBXBuildFile; fileRef = 4C6B09562004643100ADDFA4 /* CJFilterControl.m */; };
/* End PBXBuildFile section */

/* Begin PBXFileReference section */
		4C67CC31200468E600D0DE81 /* CJTool.h */ = {isa = PBXFileReference; lastKnownFileType = sourcecode.c.h; path = CJTool.h; sourceTree = "<group>"; };
		4C67CC32200468E600D0DE81 /* CJTool.m */ = {isa = PBXFileReference; lastKnownFileType = sourcecode.c.objc; path = CJTool.m; sourceTree = "<group>"; };
		4C67CC3520046E9300D0DE81 /* UIColor+FlatUI.h */ = {isa = PBXFileReference; fileEncoding = 4; lastKnownFileType = sourcecode.c.h; path = "UIColor+FlatUI.h"; sourceTree = "<group>"; };
		4C67CC3620046E9300D0DE81 /* UIColor+FlatUI.m */ = {isa = PBXFileReference; fileEncoding = 4; lastKnownFileType = sourcecode.c.objc; path = "UIColor+FlatUI.m"; sourceTree = "<group>"; };
		4C67CC3720046E9300D0DE81 /* UIView+DEFrameAdditions.h */ = {isa = PBXFileReference; fileEncoding = 4; lastKnownFileType = sourcecode.c.h; path = "UIView+DEFrameAdditions.h"; sourceTree = "<group>"; };
		4C67CC3820046E9300D0DE81 /* UIView+DEFrameAdditions.m */ = {isa = PBXFileReference; fileEncoding = 4; lastKnownFileType = sourcecode.c.objc; path = "UIView+DEFrameAdditions.m"; sourceTree = "<group>"; };
		4C6B09352004620C00ADDFA4 /* CJWebviewInteraction.app */ = {isa = PBXFileReference; explicitFileType = wrapper.application; includeInIndex = 0; path = CJWebviewInteraction.app; sourceTree = BUILT_PRODUCTS_DIR; };
		4C6B09382004620C00ADDFA4 /* AppDelegate.h */ = {isa = PBXFileReference; lastKnownFileType = sourcecode.c.h; path = AppDelegate.h; sourceTree = "<group>"; };
		4C6B09392004620C00ADDFA4 /* AppDelegate.m */ = {isa = PBXFileReference; lastKnownFileType = sourcecode.c.objc; path = AppDelegate.m; sourceTree = "<group>"; };
		4C6B093B2004620C00ADDFA4 /* ViewController.h */ = {isa = PBXFileReference; lastKnownFileType = sourcecode.c.h; path = ViewController.h; sourceTree = "<group>"; };
		4C6B093C2004620C00ADDFA4 /* ViewController.m */ = {isa = PBXFileReference; lastKnownFileType = sourcecode.c.objc; path = ViewController.m; sourceTree = "<group>"; };
		4C6B093F2004620C00ADDFA4 /* Base */ = {isa = PBXFileReference; lastKnownFileType = file.storyboard; name = Base; path = Base.lproj/Main.storyboard; sourceTree = "<group>"; };
		4C6B09412004620C00ADDFA4 /* Assets.xcassets */ = {isa = PBXFileReference; lastKnownFileType = folder.assetcatalog; path = Assets.xcassets; sourceTree = "<group>"; };
		4C6B09442004620C00ADDFA4 /* Base */ = {isa = PBXFileReference; lastKnownFileType = file.storyboard; name = Base; path = Base.lproj/LaunchScreen.storyboard; sourceTree = "<group>"; };
		4C6B09462004620C00ADDFA4 /* Info.plist */ = {isa = PBXFileReference; lastKnownFileType = text.plist.xml; path = Info.plist; sourceTree = "<group>"; };
		4C6B09472004620C00ADDFA4 /* main.m */ = {isa = PBXFileReference; lastKnownFileType = sourcecode.c.objc; path = main.m; sourceTree = "<group>"; };
		4C6B094F200462FE00ADDFA4 /* CJBaseFilterView.h */ = {isa = PBXFileReference; lastKnownFileType = sourcecode.c.h; path = CJBaseFilterView.h; sourceTree = "<group>"; };
		4C6B0950200462FE00ADDFA4 /* CJBaseFilterView.m */ = {isa = PBXFileReference; lastKnownFileType = sourcecode.c.objc; path = CJBaseFilterView.m; sourceTree = "<group>"; };
		4C6B09522004638F00ADDFA4 /* CJWebComposeView.h */ = {isa = PBXFileReference; lastKnownFileType = sourcecode.c.h; path = CJWebComposeView.h; sourceTree = "<group>"; };
		4C6B09532004638F00ADDFA4 /* CJWebComposeView.m */ = {isa = PBXFileReference; lastKnownFileType = sourcecode.c.objc; path = CJWebComposeView.m; sourceTree = "<group>"; };
		4C6B09552004643100ADDFA4 /* CJFilterControl.h */ = {isa = PBXFileReference; lastKnownFileType = sourcecode.c.h; path = CJFilterControl.h; sourceTree = "<group>"; };
		4C6B09562004643100ADDFA4 /* CJFilterControl.m */ = {isa = PBXFileReference; lastKnownFileType = sourcecode.c.objc; path = CJFilterControl.m; sourceTree = "<group>"; };
/* End PBXFileReference section */

/* Begin PBXFrameworksBuildPhase section */
		4C6B09322004620C00ADDFA4 /* Frameworks */ = {
			isa = PBXFrameworksBuildPhase;
			buildActionMask = 2147483647;
			files = (
			);
			runOnlyForDeploymentPostprocessing = 0;
		};
/* End PBXFrameworksBuildPhase section */

/* Begin PBXGroup section */
		4C67CC3420046E9300D0DE81 /* Categary */ = {
			isa = PBXGroup;
			children = (
				4C67CC3520046E9300D0DE81 /* UIColor+FlatUI.h */,
				4C67CC3620046E9300D0DE81 /* UIColor+FlatUI.m */,
				4C67CC3720046E9300D0DE81 /* UIView+DEFrameAdditions.h */,
				4C67CC3820046E9300D0DE81 /* UIView+DEFrameAdditions.m */,
			);
			path = Categary;
			sourceTree = "<group>";
		};
		4C6B092C2004620C00ADDFA4 = {
			isa = PBXGroup;
			children = (
				4C6B09372004620C00ADDFA4 /* CJWebviewInteraction */,
				4C6B09362004620C00ADDFA4 /* Products */,
			);
			sourceTree = "<group>";
		};
		4C6B09362004620C00ADDFA4 /* Products */ = {
			isa = PBXGroup;
			children = (
				4C6B09352004620C00ADDFA4 /* CJWebviewInteraction.app */,
			);
			name = Products;
			sourceTree = "<group>";
		};
		4C6B09372004620C00ADDFA4 /* CJWebviewInteraction */ = {
			isa = PBXGroup;
			children = (
				4C6B094E200462D300ADDFA4 /* CJWI */,
				4C6B09382004620C00ADDFA4 /* AppDelegate.h */,
				4C6B09392004620C00ADDFA4 /* AppDelegate.m */,
				4C6B093B2004620C00ADDFA4 /* ViewController.h */,
				4C6B093C2004620C00ADDFA4 /* ViewController.m */,
				4C6B093E2004620C00ADDFA4 /* Main.storyboard */,
				4C6B09412004620C00ADDFA4 /* Assets.xcassets */,
				4C6B09432004620C00ADDFA4 /* LaunchScreen.storyboard */,
				4C6B09462004620C00ADDFA4 /* Info.plist */,
				4C6B09472004620C00ADDFA4 /* main.m */,
			);
			path = CJWebviewInteraction;
			sourceTree = "<group>";
		};
		4C6B094E200462D300ADDFA4 /* CJWI */ = {
			isa = PBXGroup;
			children = (
				4C6B094F200462FE00ADDFA4 /* CJBaseFilterView.h */,
				4C6B0950200462FE00ADDFA4 /* CJBaseFilterView.m */,
				4C6B09522004638F00ADDFA4 /* CJWebComposeView.h */,
				4C6B09532004638F00ADDFA4 /* CJWebComposeView.m */,
				4C6B09552004643100ADDFA4 /* CJFilterControl.h */,
				4C6B09562004643100ADDFA4 /* CJFilterControl.m */,
				4C67CC31200468E600D0DE81 /* CJTool.h */,
				4C67CC32200468E600D0DE81 /* CJTool.m */,
				4C67CC3420046E9300D0DE81 /* Categary */,
			);
			path = CJWI;
			sourceTree = "<group>";
		};
/* End PBXGroup section */

/* Begin PBXNativeTarget section */
		4C6B09342004620C00ADDFA4 /* CJWebviewInteraction */ = {
			isa = PBXNativeTarget;
			buildConfigurationList = 4C6B094B2004620C00ADDFA4 /* Build configuration list for PBXNativeTarget "CJWebviewInteraction" */;
			buildPhases = (
				4C6B09312004620C00ADDFA4 /* Sources */,
				4C6B09322004620C00ADDFA4 /* Frameworks */,
				4C6B09332004620C00ADDFA4 /* Resources */,
			);
			buildRules = (
			);
			dependencies = (
			);
			name = CJWebviewInteraction;
			productName = CJWebviewInteraction;
			productReference = 4C6B09352004620C00ADDFA4 /* CJWebviewInteraction.app */;
			productType = "com.apple.product-type.application";
		};
/* End PBXNativeTarget section */

/* Begin PBXProject section */
		4C6B092D2004620C00ADDFA4 /* Project object */ = {
			isa = PBXProject;
			attributes = {
				LastUpgradeCheck = 0920;
				ORGANIZATIONNAME = "znzx@QH";
				TargetAttributes = {
					4C6B09342004620C00ADDFA4 = {
						CreatedOnToolsVersion = 9.2;
						ProvisioningStyle = Automatic;
					};
				};
			};
			buildConfigurationList = 4C6B09302004620C00ADDFA4 /* Build configuration list for PBXProject "CJWebviewInteraction" */;
			compatibilityVersion = "Xcode 8.0";
			developmentRegion = en;
			hasScannedForEncodings = 0;
			knownRegions = (
				en,
				Base,
			);
			mainGroup = 4C6B092C2004620C00ADDFA4;
			productRefGroup = 4C6B09362004620C00ADDFA4 /* Products */;
			projectDirPath = "";
			projectRoot = "";
			targets = (
				4C6B09342004620C00ADDFA4 /* CJWebviewInteraction */,
			);
		};
/* End PBXProject section */

/* Begin PBXResourcesBuildPhase section */
		4C6B09332004620C00ADDFA4 /* Resources */ = {
			isa = PBXResourcesBuildPhase;
			buildActionMask = 2147483647;
			files = (
				4C6B09452004620C00ADDFA4 /* LaunchScreen.storyboard in Resources */,
				4C6B09422004620C00ADDFA4 /* Assets.xcassets in Resources */,
				4C6B09402004620C00ADDFA4 /* Main.storyboard in Resources */,
			);
			runOnlyForDeploymentPostprocessing = 0;
		};
/* End PBXResourcesBuildPhase section */

/* Begin PBXSourcesBuildPhase section */
		4C6B09312004620C00ADDFA4 /* Sources */ = {
			isa = PBXSourcesBuildPhase;
			buildActionMask = 2147483647;
			files = (
				4C67CC3920046E9300D0DE81 /* UIColor+FlatUI.m in Sources */,
				4C6B093D2004620C00ADDFA4 /* ViewController.m in Sources */,
				4C6B09482004620C00ADDFA4 /* main.m in Sources */,
				4C6B09572004643100ADDFA4 /* CJFilterControl.m in Sources */,
				4C6B0951200462FE00ADDFA4 /* CJBaseFilterView.m in Sources */,
				4C67CC3A20046E9300D0DE81 /* UIView+DEFrameAdditions.m in Sources */,
				4C6B09542004638F00ADDFA4 /* CJWebComposeView.m in Sources */,
				4C6B093A2004620C00ADDFA4 /* AppDelegate.m in Sources */,
				4C67CC33200468E600D0DE81 /* CJTool.m in Sources */,
			);
			runOnlyForDeploymentPostprocessing = 0;
		};
/* End PBXSourcesBuildPhase section */

/* Begin PBXVariantGroup section */
		4C6B093E2004620C00ADDFA4 /* Main.storyboard */ = {
			isa = PBXVariantGroup;
			children = (
				4C6B093F2004620C00ADDFA4 /* Base */,
			);
			name = Main.storyboard;
			sourceTree = "<group>";
		};
		4C6B09432004620C00ADDFA4 /* LaunchScreen.storyboard */ = {
			isa = PBXVariantGroup;
			children = (
				4C6B09442004620C00ADDFA4 /* Base */,
			);
			name = LaunchScreen.storyboard;
			sourceTree = "<group>";
		};
/* End PBXVariantGroup section */

/* Begin XCBuildConfiguration section */
		4C6B09492004620C00ADDFA4 /* Debug */ = {
			isa = XCBuildConfiguration;
			buildSettings = {
				ALWAYS_SEARCH_USER_PATHS = NO;
				CLANG_ANALYZER_NONNULL = YES;
				CLANG_ANALYZER_NUMBER_OBJECT_CONVERSION = YES_AGGRESSIVE;
				CLANG_CXX_LANGUAGE_STANDARD = "gnu++14";
				CLANG_CXX_LIBRARY = "libc++";
				CLANG_ENABLE_MODULES = YES;
				CLANG_ENABLE_OBJC_ARC = YES;
				CLANG_WARN_BLOCK_CAPTURE_AUTORELEASING = YES;
				CLANG_WARN_BOOL_CONVERSION = YES;
				CLANG_WARN_COMMA = YES;
				CLANG_WARN_CONSTANT_CONVERSION = YES;
				CLANG_WARN_DIRECT_OBJC_ISA_USAGE = YES_ERROR;
				CLANG_WARN_DOCUMENTATION_COMMENTS = YES;
				CLANG_WARN_EMPTY_BODY = YES;
				CLANG_WARN_ENUM_CONVERSION = YES;
				CLANG_WARN_INFINITE_RECURSION = YES;
				CLANG_WARN_INT_CONVERSION = YES;
				CLANG_WARN_NON_LITERAL_NULL_CONVERSION = YES;
				CLANG_WARN_OBJC_LITERAL_CONVERSION = YES;
				CLANG_WARN_OBJC_ROOT_CLASS = YES_ERROR;
				CLANG_WARN_RANGE_LOOP_ANALYSIS = YES;
				CLANG_WARN_STRICT_PROTOTYPES = YES;
				CLANG_WARN_SUSPICIOUS_MOVE = YES;
				CLANG_WARN_UNGUARDED_AVAILABILITY = YES_AGGRESSIVE;
				CLANG_WARN_UNREACHABLE_CODE = YES;
				CLANG_WARN__DUPLICATE_METHOD_MATCH = YES;
				CODE_SIGN_IDENTITY = "iPhone Developer";
				COPY_PHASE_STRIP = NO;
				DEBUG_INFORMATION_FORMAT = dwarf;
				ENABLE_STRICT_OBJC_MSGSEND = YES;
				ENABLE_TESTABILITY = YES;
				GCC_C_LANGUAGE_STANDARD = gnu11;
				GCC_DYNAMIC_NO_PIC = NO;
				GCC_NO_COMMON_BLOCKS = YES;
				GCC_OPTIMIZATION_LEVEL = 0;
				GCC_PREPROCESSOR_DEFINITIONS = (
					"DEBUG=1",
					"$(inherited)",
				);
				GCC_WARN_64_TO_32_BIT_CONVERSION = YES;
				GCC_WARN_ABOUT_RETURN_TYPE = YES_ERROR;
				GCC_WARN_UNDECLARED_SELECTOR = YES;
				GCC_WARN_UNINITIALIZED_AUTOS = YES_AGGRESSIVE;
				GCC_WARN_UNUSED_FUNCTION = YES;
				GCC_WARN_UNUSED_VARIABLE = YES;
				IPHONEOS_DEPLOYMENT_TARGET = 11.2;
				MTL_ENABLE_DEBUG_INFO = YES;
				ONLY_ACTIVE_ARCH = YES;
				SDKROOT = iphoneos;
			};
			name = Debug;
		};
		4C6B094A2004620C00ADDFA4 /* Release */ = {
			isa = XCBuildConfiguration;
			buildSettings = {
				ALWAYS_SEARCH_USER_PATHS = NO;
				CLANG_ANALYZER_NONNULL = YES;
				CLANG_ANALYZER_NUMBER_OBJECT_CONVERSION = YES_AGGRESSIVE;
				CLANG_CXX_LANGUAGE_STANDARD = "gnu++14";
				CLANG_CXX_LIBRARY = "libc++";
				CLANG_ENABLE_MODULES = YES;
				CLANG_ENABLE_OBJC_ARC = YES;
				CLANG_WARN_BLOCK_CAPTURE_AUTORELEASING = YES;
				CLANG_WARN_BOOL_CONVERSION = YES;
				CLANG_WARN_COMMA = YES;
				CLANG_WARN_CONSTANT_CONVERSION = YES;
				CLANG_WARN_DIRECT_OBJC_ISA_USAGE = YES_ERROR;
				CLANG_WARN_DOCUMENTATION_COMMENTS = YES;
				CLANG_WARN_EMPTY_BODY = YES;
				CLANG_WARN_ENUM_CONVERSION = YES;
				CLANG_WARN_INFINITE_RECURSION = YES;
				CLANG_WARN_INT_CONVERSION = YES;
				CLANG_WARN_NON_LITERAL_NULL_CONVERSION = YES;
				CLANG_WARN_OBJC_LITERAL_CONVERSION = YES;
				CLANG_WARN_OBJC_ROOT_CLASS = YES_ERROR;
				CLANG_WARN_RANGE_LOOP_ANALYSIS = YES;
				CLANG_WARN_STRICT_PROTOTYPES = YES;
				CLANG_WARN_SUSPICIOUS_MOVE = YES;
				CLANG_WARN_UNGUARDED_AVAILABILITY = YES_AGGRESSIVE;
				CLANG_WARN_UNREACHABLE_CODE = YES;
				CLANG_WARN__DUPLICATE_METHOD_MATCH = YES;
				CODE_SIGN_IDENTITY = "iPhone Developer";
				COPY_PHASE_STRIP = NO;
				DEBUG_INFORMATION_FORMAT = "dwarf-with-dsym";
				ENABLE_NS_ASSERTIONS = NO;
				ENABLE_STRICT_OBJC_MSGSEND = YES;
				GCC_C_LANGUAGE_STANDARD = gnu11;
				GCC_NO_COMMON_BLOCKS = YES;
				GCC_WARN_64_TO_32_BIT_CONVERSION = YES;
				GCC_WARN_ABOUT_RETURN_TYPE = YES_ERROR;
				GCC_WARN_UNDECLARED_SELECTOR = YES;
				GCC_WARN_UNINITIALIZED_AUTOS = YES_AGGRESSIVE;
				GCC_WARN_UNUSED_FUNCTION = YES;
				GCC_WARN_UNUSED_VARIABLE = YES;
				IPHONEOS_DEPLOYMENT_TARGET = 11.2;
				MTL_ENABLE_DEBUG_INFO = NO;
				SDKROOT = iphoneos;
				VALIDATE_PRODUCT = YES;
			};
			name = Release;
		};
		4C6B094C2004620C00ADDFA4 /* Debug */ = {
			isa = XCBuildConfiguration;
			buildSettings = {
				ASSETCATALOG_COMPILER_APPICON_NAME = AppIcon;
				CODE_SIGN_STYLE = Automatic;
				INFOPLIST_FILE = CJWebviewInteraction/Info.plist;
				LD_RUNPATH_SEARCH_PATHS = "$(inherited) @executable_path/Frameworks";
				PRODUCT_BUNDLE_IDENTIFIER = com.ZhejiangZhongnong.CJWebviewInteraction;
				PRODUCT_NAME = "$(TARGET_NAME)";
				TARGETED_DEVICE_FAMILY = "1,2";
			};
			name = Debug;
		};
		4C6B094D2004620C00ADDFA4 /* Release */ = {
			isa = XCBuildConfiguration;
			buildSettings = {
				ASSETCATALOG_COMPILER_APPICON_NAME = AppIcon;
				CODE_SIGN_STYLE = Automatic;
				INFOPLIST_FILE = CJWebviewInteraction/Info.plist;
				LD_RUNPATH_SEARCH_PATHS = "$(inherited) @executable_path/Frameworks";
				PRODUCT_BUNDLE_IDENTIFIER = com.ZhejiangZhongnong.CJWebviewInteraction;
				PRODUCT_NAME = "$(TARGET_NAME)";
				TARGETED_DEVICE_FAMILY = "1,2";
			};
			name = Release;
		};
/* End XCBuildConfiguration section */

/* Begin XCConfigurationList section */
		4C6B09302004620C00ADDFA4 /* Build configuration list for PBXProject "CJWebviewInteraction" */ = {
			isa = XCConfigurationList;
			buildConfigurations = (
				4C6B09492004620C00ADDFA4 /* Debug */,
				4C6B094A2004620C00ADDFA4 /* Release */,
			);
			defaultConfigurationIsVisible = 0;
			defaultConfigurationName = Release;
		};
		4C6B094B2004620C00ADDFA4 /* Build configuration list for PBXNativeTarget "CJWebviewInteraction" */ = {
			isa = XCConfigurationList;
			buildConfigurations = (
				4C6B094C2004620C00ADDFA4 /* Debug */,
				4C6B094D2004620C00ADDFA4 /* Release */,
			);
			defaultConfigurationIsVisible = 0;
			defaultConfigurationName = Release;
		};
/* End XCConfigurationList section */
	};
	rootObject = 4C6B092D2004620C00ADDFA4 /* Project object */;
}
